// !$*UTF8*$!
{
	archiveVersion = 1;
	classes = {
	};
	objectVersion = 56;
	objects = {

/* Begin PBXBuildFile section */
		2B42A21A2B73F80800B0FA7B /* NotificationModalView.swift in Sources */ = {isa = PBXBuildFile; fileRef = 2B42A2192B73F80800B0FA7B /* NotificationModalView.swift */; };
		2B43B4B32B71426D00251F5B /* ProfileHeaderView.swift in Sources */ = {isa = PBXBuildFile; fileRef = 2B43B4B22B71426D00251F5B /* ProfileHeaderView.swift */; };
		2B43B4B52B72865200251F5B /* ProfileOptionButton.swift in Sources */ = {isa = PBXBuildFile; fileRef = 2B43B4B42B72865200251F5B /* ProfileOptionButton.swift */; };
		2B5A76722B73C65E00B86391 /* QRCodeView.swift in Sources */ = {isa = PBXBuildFile; fileRef = 2B5A76712B73C65E00B86391 /* QRCodeView.swift */; };
		9603C42C2B6F42C400769EDE /* LoginView.swift in Sources */ = {isa = PBXBuildFile; fileRef = 9603C42B2B6F42C400769EDE /* LoginView.swift */; };
		9603C42E2B6F530400769EDE /* OnBoardingScreen.swift in Sources */ = {isa = PBXBuildFile; fileRef = 9603C42D2B6F530400769EDE /* OnBoardingScreen.swift */; };
		9603C4302B6F657600769EDE /* ForYouView.swift in Sources */ = {isa = PBXBuildFile; fileRef = 9603C42F2B6F657600769EDE /* ForYouView.swift */; };
		9603C4322B6F65D100769EDE /* ProgressView.swift in Sources */ = {isa = PBXBuildFile; fileRef = 9603C4312B6F65D100769EDE /* ProgressView.swift */; };
		9603C4342B6F65DF00769EDE /* PackagesView.swift in Sources */ = {isa = PBXBuildFile; fileRef = 9603C4332B6F65DF00769EDE /* PackagesView.swift */; };
		9603C4362B6F65E900769EDE /* ProfileView.swift in Sources */ = {isa = PBXBuildFile; fileRef = 9603C4352B6F65E900769EDE /* ProfileView.swift */; };
		9603C4382B6F773000769EDE /* MyScheduleView.swift in Sources */ = {isa = PBXBuildFile; fileRef = 9603C4372B6F773000769EDE /* MyScheduleView.swift */; };
		9603C43A2B6F782400769EDE /* ClassView.swift in Sources */ = {isa = PBXBuildFile; fileRef = 9603C4392B6F782400769EDE /* ClassView.swift */; };
		9603C43D2B6F871F00769EDE /* EventsView.swift in Sources */ = {isa = PBXBuildFile; fileRef = 9603C43C2B6F871F00769EDE /* EventsView.swift */; };
		9648E6962B62B28700301207 /* FourthTriApp.swift in Sources */ = {isa = PBXBuildFile; fileRef = 9648E6952B62B28700301207 /* FourthTriApp.swift */; };
		9648E6982B62B28700301207 /* ContentView.swift in Sources */ = {isa = PBXBuildFile; fileRef = 9648E6972B62B28700301207 /* ContentView.swift */; };
		9648E69A2B62B28800301207 /* Assets.xcassets in Resources */ = {isa = PBXBuildFile; fileRef = 9648E6992B62B28800301207 /* Assets.xcassets */; };
		9648E69D2B62B28800301207 /* Preview Assets.xcassets in Resources */ = {isa = PBXBuildFile; fileRef = 9648E69C2B62B28800301207 /* Preview Assets.xcassets */; };
		967CE45E2B73F2B6005DD471 /* ResourceRequest.swift in Sources */ = {isa = PBXBuildFile; fileRef = 967CE45D2B73F2B6005DD471 /* ResourceRequest.swift */; };
		96D52A062B693F33006CAA94 /* User.swift in Sources */ = {isa = PBXBuildFile; fileRef = 96D52A052B693F33006CAA94 /* User.swift */; };
		96D52A082B694027006CAA94 /* Classes.swift in Sources */ = {isa = PBXBuildFile; fileRef = 96D52A072B694027006CAA94 /* Classes.swift */; };
		96D52A0B2B6AA950006CAA94 /* AchievementsView.swift in Sources */ = {isa = PBXBuildFile; fileRef = 96D52A0A2B6AA950006CAA94 /* AchievementsView.swift */; };
/* End PBXBuildFile section */

/* Begin PBXFileReference section */
		2B42A2192B73F80800B0FA7B /* NotificationModalView.swift */ = {isa = PBXFileReference; lastKnownFileType = sourcecode.swift; path = NotificationModalView.swift; sourceTree = "<group>"; };
		2B43B4B22B71426D00251F5B /* ProfileHeaderView.swift */ = {isa = PBXFileReference; lastKnownFileType = sourcecode.swift; path = ProfileHeaderView.swift; sourceTree = "<group>"; };
		2B43B4B42B72865200251F5B /* ProfileOptionButton.swift */ = {isa = PBXFileReference; lastKnownFileType = sourcecode.swift; path = ProfileOptionButton.swift; sourceTree = "<group>"; };
		2B5A76712B73C65E00B86391 /* QRCodeView.swift */ = {isa = PBXFileReference; lastKnownFileType = sourcecode.swift; path = QRCodeView.swift; sourceTree = "<group>"; };
		9603C42B2B6F42C400769EDE /* LoginView.swift */ = {isa = PBXFileReference; lastKnownFileType = sourcecode.swift; path = LoginView.swift; sourceTree = "<group>"; };
		9603C42D2B6F530400769EDE /* OnBoardingScreen.swift */ = {isa = PBXFileReference; lastKnownFileType = sourcecode.swift; path = OnBoardingScreen.swift; sourceTree = "<group>"; };
		9603C42F2B6F657600769EDE /* ForYouView.swift */ = {isa = PBXFileReference; lastKnownFileType = sourcecode.swift; path = ForYouView.swift; sourceTree = "<group>"; };
		9603C4312B6F65D100769EDE /* ProgressView.swift */ = {isa = PBXFileReference; lastKnownFileType = sourcecode.swift; path = ProgressView.swift; sourceTree = "<group>"; };
		9603C4332B6F65DF00769EDE /* PackagesView.swift */ = {isa = PBXFileReference; lastKnownFileType = sourcecode.swift; path = PackagesView.swift; sourceTree = "<group>"; };
		9603C4352B6F65E900769EDE /* ProfileView.swift */ = {isa = PBXFileReference; lastKnownFileType = sourcecode.swift; path = ProfileView.swift; sourceTree = "<group>"; };
		9603C4372B6F773000769EDE /* MyScheduleView.swift */ = {isa = PBXFileReference; lastKnownFileType = sourcecode.swift; path = MyScheduleView.swift; sourceTree = "<group>"; };
		9603C4392B6F782400769EDE /* ClassView.swift */ = {isa = PBXFileReference; lastKnownFileType = sourcecode.swift; path = ClassView.swift; sourceTree = "<group>"; };
		9603C43C2B6F871F00769EDE /* EventsView.swift */ = {isa = PBXFileReference; lastKnownFileType = sourcecode.swift; path = EventsView.swift; sourceTree = "<group>"; };
		9648E6922B62B28700301207 /* FourthTri.app */ = {isa = PBXFileReference; explicitFileType = wrapper.application; includeInIndex = 0; path = FourthTri.app; sourceTree = BUILT_PRODUCTS_DIR; };
		9648E6952B62B28700301207 /* FourthTriApp.swift */ = {isa = PBXFileReference; lastKnownFileType = sourcecode.swift; path = FourthTriApp.swift; sourceTree = "<group>"; };
		9648E6972B62B28700301207 /* ContentView.swift */ = {isa = PBXFileReference; lastKnownFileType = sourcecode.swift; path = ContentView.swift; sourceTree = "<group>"; };
		9648E6992B62B28800301207 /* Assets.xcassets */ = {isa = PBXFileReference; lastKnownFileType = folder.assetcatalog; path = Assets.xcassets; sourceTree = "<group>"; };
		9648E69C2B62B28800301207 /* Preview Assets.xcassets */ = {isa = PBXFileReference; lastKnownFileType = folder.assetcatalog; path = "Preview Assets.xcassets"; sourceTree = "<group>"; };
		967CE45D2B73F2B6005DD471 /* ResourceRequest.swift */ = {isa = PBXFileReference; lastKnownFileType = sourcecode.swift; path = ResourceRequest.swift; sourceTree = "<group>"; };
		96D52A052B693F33006CAA94 /* User.swift */ = {isa = PBXFileReference; lastKnownFileType = sourcecode.swift; path = User.swift; sourceTree = "<group>"; };
		96D52A072B694027006CAA94 /* Classes.swift */ = {isa = PBXFileReference; lastKnownFileType = sourcecode.swift; path = Classes.swift; sourceTree = "<group>"; };
		96D52A0A2B6AA950006CAA94 /* AchievementsView.swift */ = {isa = PBXFileReference; lastKnownFileType = sourcecode.swift; path = AchievementsView.swift; sourceTree = "<group>"; };
/* End PBXFileReference section */

/* Begin PBXFrameworksBuildPhase section */
		9648E68F2B62B28700301207 /* Frameworks */ = {
			isa = PBXFrameworksBuildPhase;
			buildActionMask = 2147483647;
			files = (
			);
			runOnlyForDeploymentPostprocessing = 0;
		};
/* End PBXFrameworksBuildPhase section */

/* Begin PBXGroup section */
		9648E6892B62B28700301207 = {
			isa = PBXGroup;
			children = (
				9648E6942B62B28700301207 /* FourthTri */,
				9648E6932B62B28700301207 /* Products */,
			);
			sourceTree = "<group>";
		};
		9648E6932B62B28700301207 /* Products */ = {
			isa = PBXGroup;
			children = (
				9648E6922B62B28700301207 /* FourthTri.app */,
			);
			name = Products;
			sourceTree = "<group>";
		};
		9648E6942B62B28700301207 /* FourthTri */ = {
			isa = PBXGroup;
			children = (
				9648E6952B62B28700301207 /* FourthTriApp.swift */,
				96D52A092B6AA913006CAA94 /* Views */,
				96D52A042B693F1D006CAA94 /* Models */,
				967CE45C2B73F29B005DD471 /* Utilities */,
				9648E6992B62B28800301207 /* Assets.xcassets */,
				9648E69B2B62B28800301207 /* Preview Content */,
			);
			path = FourthTri;
			sourceTree = "<group>";
		};
		9648E69B2B62B28800301207 /* Preview Content */ = {
			isa = PBXGroup;
			children = (
				9648E69C2B62B28800301207 /* Preview Assets.xcassets */,
			);
			path = "Preview Content";
			sourceTree = "<group>";
		};
		967CE45C2B73F29B005DD471 /* Utilities */ = {
			isa = PBXGroup;
			children = (
				967CE45D2B73F2B6005DD471 /* ResourceRequest.swift */,
			);
			path = Utilities;
			sourceTree = "<group>";
		};
		96D52A042B693F1D006CAA94 /* Models */ = {
			isa = PBXGroup;
			children = (
				96D52A052B693F33006CAA94 /* User.swift */,
				96D52A072B694027006CAA94 /* Classes.swift */,
			);
			path = Models;
			sourceTree = "<group>";
		};
		96D52A092B6AA913006CAA94 /* Views */ = {
			isa = PBXGroup;
			children = (
				9648E6972B62B28700301207 /* ContentView.swift */,
				9603C42F2B6F657600769EDE /* ForYouView.swift */,
				2B5A76712B73C65E00B86391 /* QRCodeView.swift */,
				2B42A2192B73F80800B0FA7B /* NotificationModalView.swift */,
				9603C4392B6F782400769EDE /* ClassView.swift */,
				9603C43C2B6F871F00769EDE /* EventsView.swift */,
				9603C4372B6F773000769EDE /* MyScheduleView.swift */,
				9603C4312B6F65D100769EDE /* ProgressView.swift */,
				9603C4332B6F65DF00769EDE /* PackagesView.swift */,
				9603C4352B6F65E900769EDE /* ProfileView.swift */,
				2B43B4B42B72865200251F5B /* ProfileOptionButton.swift */,
				2B43B4B22B71426D00251F5B /* ProfileHeaderView.swift */,
				96D52A0A2B6AA950006CAA94 /* AchievementsView.swift */,
				9603C42B2B6F42C400769EDE /* LoginView.swift */,
				9603C42D2B6F530400769EDE /* OnBoardingScreen.swift */,
			);
			path = Views;
			sourceTree = "<group>";
		};
/* End PBXGroup section */

/* Begin PBXNativeTarget section */
		9648E6912B62B28700301207 /* FourthTri */ = {
			isa = PBXNativeTarget;
			buildConfigurationList = 9648E6A02B62B28800301207 /* Build configuration list for PBXNativeTarget "FourthTri" */;
			buildPhases = (
				9648E68E2B62B28700301207 /* Sources */,
				9648E68F2B62B28700301207 /* Frameworks */,
				9648E6902B62B28700301207 /* Resources */,
			);
			buildRules = (
			);
			dependencies = (
			);
			name = FourthTri;
			productName = FourthTri;
			productReference = 9648E6922B62B28700301207 /* FourthTri.app */;
			productType = "com.apple.product-type.application";
		};
/* End PBXNativeTarget section */

/* Begin PBXProject section */
		9648E68A2B62B28700301207 /* Project object */ = {
			isa = PBXProject;
			attributes = {
				BuildIndependentTargetsInParallel = 1;
				LastSwiftUpdateCheck = 1520;
				LastUpgradeCheck = 1520;
				TargetAttributes = {
					9648E6912B62B28700301207 = {
						CreatedOnToolsVersion = 15.2;
					};
				};
			};
			buildConfigurationList = 9648E68D2B62B28700301207 /* Build configuration list for PBXProject "FourthTri" */;
			compatibilityVersion = "Xcode 14.0";
			developmentRegion = en;
			hasScannedForEncodings = 0;
			knownRegions = (
				en,
				Base,
			);
			mainGroup = 9648E6892B62B28700301207;
			productRefGroup = 9648E6932B62B28700301207 /* Products */;
			projectDirPath = "";
			projectRoot = "";
			targets = (
				9648E6912B62B28700301207 /* FourthTri */,
			);
		};
/* End PBXProject section */

/* Begin PBXResourcesBuildPhase section */
		9648E6902B62B28700301207 /* Resources */ = {
			isa = PBXResourcesBuildPhase;
			buildActionMask = 2147483647;
			files = (
				9648E69D2B62B28800301207 /* Preview Assets.xcassets in Resources */,
				9648E69A2B62B28800301207 /* Assets.xcassets in Resources */,
			);
			runOnlyForDeploymentPostprocessing = 0;
		};
/* End PBXResourcesBuildPhase section */

/* Begin PBXSourcesBuildPhase section */
		9648E68E2B62B28700301207 /* Sources */ = {
			isa = PBXSourcesBuildPhase;
			buildActionMask = 2147483647;
			files = (
				9603C42C2B6F42C400769EDE /* LoginView.swift in Sources */,
				9603C43D2B6F871F00769EDE /* EventsView.swift in Sources */,
				96D52A062B693F33006CAA94 /* User.swift in Sources */,
				9603C4302B6F657600769EDE /* ForYouView.swift in Sources */,
				96D52A082B694027006CAA94 /* Classes.swift in Sources */,
				9648E6982B62B28700301207 /* ContentView.swift in Sources */,
				9648E6962B62B28700301207 /* FourthTriApp.swift in Sources */,
				2B43B4B52B72865200251F5B /* ProfileOptionButton.swift in Sources */,
				2B43B4B32B71426D00251F5B /* ProfileHeaderView.swift in Sources */,
				96D52A0B2B6AA950006CAA94 /* AchievementsView.swift in Sources */,
				9603C42E2B6F530400769EDE /* OnBoardingScreen.swift in Sources */,
				2B42A21A2B73F80800B0FA7B /* NotificationModalView.swift in Sources */,
				9603C43A2B6F782400769EDE /* ClassView.swift in Sources */,
				2B5A76722B73C65E00B86391 /* QRCodeView.swift in Sources */,
				9603C4362B6F65E900769EDE /* ProfileView.swift in Sources */,
				9603C4382B6F773000769EDE /* MyScheduleView.swift in Sources */,
				9603C4322B6F65D100769EDE /* ProgressView.swift in Sources */,
				967CE45E2B73F2B6005DD471 /* ResourceRequest.swift in Sources */,
				9603C4342B6F65DF00769EDE /* PackagesView.swift in Sources */,
			);
			runOnlyForDeploymentPostprocessing = 0;
		};
/* End PBXSourcesBuildPhase section */

/* Begin XCBuildConfiguration section */
		9648E69E2B62B28800301207 /* Debug */ = {
			isa = XCBuildConfiguration;
			buildSettings = {
				ALWAYS_SEARCH_USER_PATHS = NO;
				ASSETCATALOG_COMPILER_GENERATE_SWIFT_ASSET_SYMBOL_EXTENSIONS = YES;
				CLANG_ANALYZER_NONNULL = YES;
				CLANG_ANALYZER_NUMBER_OBJECT_CONVERSION = YES_AGGRESSIVE;
				CLANG_CXX_LANGUAGE_STANDARD = "gnu++20";
				CLANG_ENABLE_MODULES = YES;
				CLANG_ENABLE_OBJC_ARC = YES;
				CLANG_ENABLE_OBJC_WEAK = YES;
				CLANG_WARN_BLOCK_CAPTURE_AUTORELEASING = YES;
				CLANG_WARN_BOOL_CONVERSION = YES;
				CLANG_WARN_COMMA = YES;
				CLANG_WARN_CONSTANT_CONVERSION = YES;
				CLANG_WARN_DEPRECATED_OBJC_IMPLEMENTATIONS = YES;
				CLANG_WARN_DIRECT_OBJC_ISA_USAGE = YES_ERROR;
				CLANG_WARN_DOCUMENTATION_COMMENTS = YES;
				CLANG_WARN_EMPTY_BODY = YES;
				CLANG_WARN_ENUM_CONVERSION = YES;
				CLANG_WARN_INFINITE_RECURSION = YES;
				CLANG_WARN_INT_CONVERSION = YES;
				CLANG_WARN_NON_LITERAL_NULL_CONVERSION = YES;
				CLANG_WARN_OBJC_IMPLICIT_RETAIN_SELF = YES;
				CLANG_WARN_OBJC_LITERAL_CONVERSION = YES;
				CLANG_WARN_OBJC_ROOT_CLASS = YES_ERROR;
				CLANG_WARN_QUOTED_INCLUDE_IN_FRAMEWORK_HEADER = YES;
				CLANG_WARN_RANGE_LOOP_ANALYSIS = YES;
				CLANG_WARN_STRICT_PROTOTYPES = YES;
				CLANG_WARN_SUSPICIOUS_MOVE = YES;
				CLANG_WARN_UNGUARDED_AVAILABILITY = YES_AGGRESSIVE;
				CLANG_WARN_UNREACHABLE_CODE = YES;
				CLANG_WARN__DUPLICATE_METHOD_MATCH = YES;
				COPY_PHASE_STRIP = NO;
				DEBUG_INFORMATION_FORMAT = dwarf;
				ENABLE_STRICT_OBJC_MSGSEND = YES;
				ENABLE_TESTABILITY = YES;
				ENABLE_USER_SCRIPT_SANDBOXING = YES;
				GCC_C_LANGUAGE_STANDARD = gnu17;
				GCC_DYNAMIC_NO_PIC = NO;
				GCC_NO_COMMON_BLOCKS = YES;
				GCC_OPTIMIZATION_LEVEL = 0;
				GCC_PREPROCESSOR_DEFINITIONS = (
					"DEBUG=1",
					"$(inherited)",
				);
				GCC_WARN_64_TO_32_BIT_CONVERSION = YES;
				GCC_WARN_ABOUT_RETURN_TYPE = YES_ERROR;
				GCC_WARN_UNDECLARED_SELECTOR = YES;
				GCC_WARN_UNINITIALIZED_AUTOS = YES_AGGRESSIVE;
				GCC_WARN_UNUSED_FUNCTION = YES;
				GCC_WARN_UNUSED_VARIABLE = YES;
				IPHONEOS_DEPLOYMENT_TARGET = 17.2;
				LOCALIZATION_PREFERS_STRING_CATALOGS = YES;
				MTL_ENABLE_DEBUG_INFO = INCLUDE_SOURCE;
				MTL_FAST_MATH = YES;
				ONLY_ACTIVE_ARCH = YES;
				SDKROOT = iphoneos;
				SWIFT_ACTIVE_COMPILATION_CONDITIONS = "DEBUG $(inherited)";
				SWIFT_OPTIMIZATION_LEVEL = "-Onone";
			};
			name = Debug;
		};
		9648E69F2B62B28800301207 /* Release */ = {
			isa = XCBuildConfiguration;
			buildSettings = {
				ALWAYS_SEARCH_USER_PATHS = NO;
				ASSETCATALOG_COMPILER_GENERATE_SWIFT_ASSET_SYMBOL_EXTENSIONS = YES;
				CLANG_ANALYZER_NONNULL = YES;
				CLANG_ANALYZER_NUMBER_OBJECT_CONVERSION = YES_AGGRESSIVE;
				CLANG_CXX_LANGUAGE_STANDARD = "gnu++20";
				CLANG_ENABLE_MODULES = YES;
				CLANG_ENABLE_OBJC_ARC = YES;
				CLANG_ENABLE_OBJC_WEAK = YES;
				CLANG_WARN_BLOCK_CAPTURE_AUTORELEASING = YES;
				CLANG_WARN_BOOL_CONVERSION = YES;
				CLANG_WARN_COMMA = YES;
				CLANG_WARN_CONSTANT_CONVERSION = YES;
				CLANG_WARN_DEPRECATED_OBJC_IMPLEMENTATIONS = YES;
				CLANG_WARN_DIRECT_OBJC_ISA_USAGE = YES_ERROR;
				CLANG_WARN_DOCUMENTATION_COMMENTS = YES;
				CLANG_WARN_EMPTY_BODY = YES;
				CLANG_WARN_ENUM_CONVERSION = YES;
				CLANG_WARN_INFINITE_RECURSION = YES;
				CLANG_WARN_INT_CONVERSION = YES;
				CLANG_WARN_NON_LITERAL_NULL_CONVERSION = YES;
				CLANG_WARN_OBJC_IMPLICIT_RETAIN_SELF = YES;
				CLANG_WARN_OBJC_LITERAL_CONVERSION = YES;
				CLANG_WARN_OBJC_ROOT_CLASS = YES_ERROR;
				CLANG_WARN_QUOTED_INCLUDE_IN_FRAMEWORK_HEADER = YES;
				CLANG_WARN_RANGE_LOOP_ANALYSIS = YES;
				CLANG_WARN_STRICT_PROTOTYPES = YES;
				CLANG_WARN_SUSPICIOUS_MOVE = YES;
				CLANG_WARN_UNGUARDED_AVAILABILITY = YES_AGGRESSIVE;
				CLANG_WARN_UNREACHABLE_CODE = YES;
				CLANG_WARN__DUPLICATE_METHOD_MATCH = YES;
				COPY_PHASE_STRIP = NO;
				DEBUG_INFORMATION_FORMAT = "dwarf-with-dsym";
				ENABLE_NS_ASSERTIONS = NO;
				ENABLE_STRICT_OBJC_MSGSEND = YES;
				ENABLE_USER_SCRIPT_SANDBOXING = YES;
				GCC_C_LANGUAGE_STANDARD = gnu17;
				GCC_NO_COMMON_BLOCKS = YES;
				GCC_WARN_64_TO_32_BIT_CONVERSION = YES;
				GCC_WARN_ABOUT_RETURN_TYPE = YES_ERROR;
				GCC_WARN_UNDECLARED_SELECTOR = YES;
				GCC_WARN_UNINITIALIZED_AUTOS = YES_AGGRESSIVE;
				GCC_WARN_UNUSED_FUNCTION = YES;
				GCC_WARN_UNUSED_VARIABLE = YES;
				IPHONEOS_DEPLOYMENT_TARGET = 17.2;
				LOCALIZATION_PREFERS_STRING_CATALOGS = YES;
				MTL_ENABLE_DEBUG_INFO = NO;
				MTL_FAST_MATH = YES;
				SDKROOT = iphoneos;
				SWIFT_COMPILATION_MODE = wholemodule;
				VALIDATE_PRODUCT = YES;
			};
			name = Release;
		};
		9648E6A12B62B28800301207 /* Debug */ = {
			isa = XCBuildConfiguration;
			buildSettings = {
				ASSETCATALOG_COMPILER_APPICON_NAME = AppIcon;
				ASSETCATALOG_COMPILER_GLOBAL_ACCENT_COLOR_NAME = AccentColor;
				CODE_SIGN_STYLE = Automatic;
				CURRENT_PROJECT_VERSION = 1;
				DEVELOPMENT_ASSET_PATHS = "\"FourthTri/Preview Content\"";
				DEVELOPMENT_TEAM = 433ZM64ZDN;
				ENABLE_PREVIEWS = YES;
				GENERATE_INFOPLIST_FILE = YES;
				INFOPLIST_KEY_UIApplicationSceneManifest_Generation = YES;
				INFOPLIST_KEY_UIApplicationSupportsIndirectInputEvents = YES;
				INFOPLIST_KEY_UILaunchScreen_Generation = YES;
				INFOPLIST_KEY_UISupportedInterfaceOrientations_iPad = "UIInterfaceOrientationPortrait UIInterfaceOrientationPortraitUpsideDown UIInterfaceOrientationLandscapeLeft UIInterfaceOrientationLandscapeRight";
				INFOPLIST_KEY_UISupportedInterfaceOrientations_iPhone = "UIInterfaceOrientationPortrait UIInterfaceOrientationLandscapeLeft UIInterfaceOrientationLandscapeRight";
				IPHONEOS_DEPLOYMENT_TARGET = 17.0;
				LD_RUNPATH_SEARCH_PATHS = (
					"$(inherited)",
					"@executable_path/Frameworks",
				);
				MARKETING_VERSION = 1.0;
				PRODUCT_BUNDLE_IDENTIFIER = com.blink18five.FourthTri;
				PRODUCT_NAME = "$(TARGET_NAME)";
				SWIFT_EMIT_LOC_STRINGS = YES;
				SWIFT_VERSION = 5.0;
				TARGETED_DEVICE_FAMILY = "1,2";
			};
			name = Debug;
		};
		9648E6A22B62B28800301207 /* Release */ = {
			isa = XCBuildConfiguration;
			buildSettings = {
				ASSETCATALOG_COMPILER_APPICON_NAME = AppIcon;
				ASSETCATALOG_COMPILER_GLOBAL_ACCENT_COLOR_NAME = AccentColor;
				CODE_SIGN_STYLE = Automatic;
				CURRENT_PROJECT_VERSION = 1;
				DEVELOPMENT_ASSET_PATHS = "\"FourthTri/Preview Content\"";
				DEVELOPMENT_TEAM = 433ZM64ZDN;
				ENABLE_PREVIEWS = YES;
				GENERATE_INFOPLIST_FILE = YES;
				INFOPLIST_KEY_UIApplicationSceneManifest_Generation = YES;
				INFOPLIST_KEY_UIApplicationSupportsIndirectInputEvents = YES;
				INFOPLIST_KEY_UILaunchScreen_Generation = YES;
				INFOPLIST_KEY_UISupportedInterfaceOrientations_iPad = "UIInterfaceOrientationPortrait UIInterfaceOrientationPortraitUpsideDown UIInterfaceOrientationLandscapeLeft UIInterfaceOrientationLandscapeRight";
				INFOPLIST_KEY_UISupportedInterfaceOrientations_iPhone = "UIInterfaceOrientationPortrait UIInterfaceOrientationLandscapeLeft UIInterfaceOrientationLandscapeRight";
				IPHONEOS_DEPLOYMENT_TARGET = 17.0;
				LD_RUNPATH_SEARCH_PATHS = (
					"$(inherited)",
					"@executable_path/Frameworks",
				);
				MARKETING_VERSION = 1.0;
				PRODUCT_BUNDLE_IDENTIFIER = com.blink18five.FourthTri;
				PRODUCT_NAME = "$(TARGET_NAME)";
				SWIFT_EMIT_LOC_STRINGS = YES;
				SWIFT_VERSION = 5.0;
				TARGETED_DEVICE_FAMILY = "1,2";
			};
			name = Release;
		};
/* End XCBuildConfiguration section */

/* Begin XCConfigurationList section */
		9648E68D2B62B28700301207 /* Build configuration list for PBXProject "FourthTri" */ = {
			isa = XCConfigurationList;
			buildConfigurations = (
				9648E69E2B62B28800301207 /* Debug */,
				9648E69F2B62B28800301207 /* Release */,
			);
			defaultConfigurationIsVisible = 0;
			defaultConfigurationName = Release;
		};
		9648E6A02B62B28800301207 /* Build configuration list for PBXNativeTarget "FourthTri" */ = {
			isa = XCConfigurationList;
			buildConfigurations = (
				9648E6A12B62B28800301207 /* Debug */,
				9648E6A22B62B28800301207 /* Release */,
			);
			defaultConfigurationIsVisible = 0;
			defaultConfigurationName = Release;
		};
/* End XCConfigurationList section */
	};
	rootObject = 9648E68A2B62B28700301207 /* Project object */;
}
